{
  "lockfile-version": 1,
  "manifest": {
    "schema-version": "1.17.0",
    "install": {
      "bun": {
        "pkg-path": "bun"
      }
    },
    "hook": {},
    "profile": {},
    "options": {}
  },
  "packages": [
    {
      "attr_path": "bun",
      "broken": false,
      "derivation": "/nix/store/cv6xak2hp5b7pvhzc7hadiiq436hy7gm-bun-1.4.2.drv",
      "description": "Incredibly fast JavaScript runtime, bundler, transpiler and package manager – all in one",
      "install_id": "bun",
      "license": "[ MIT, LGPL-2.1-only ]",
      "locked_url": "https://github.com/flox/nixpkgs?rev=7a0f122f5090cf4c2ade2a13a0e229d4e19ba71f",
      "name": "bun-1.4.2",
      "pname": "bun",
      "rev": "7a0f122f5090cf4c2ade2a13a0e229d4e19ba71f",
      "rev_count": 1080855,
      "rev_date": "2026-09-28T06:58:16Z",
      "scrape_date": "2026-09-29T04:58:27.610512Z",
      "stabilities": [
        "unstable"
      ],
      "unfree": false,
      "version": "1.4.2",
      "outputs_to_install": [
        "out",
        "out"
      ],
      "outputs": {
        "out": "/nix/store/ymp115cs76rkv8kjxsybm8lgk261lbdm-bun-1.4.2"
      },
      "system": "aarch64-darwin",
      "group": "toplevel",
      "priority": 5
    },
    {
      "attr_path": "bun",
      "broken": false,
      "derivation": "/nix/store/zz80a0c5pjqqq9am3f0z9l61b372qphk-bun-1.4.2.drv",
      "description": "Incredibly fast JavaScript runtime, bundler, transpiler and package manager – all in one",
      "install_id": "bun",
      "license": "[ MIT, LGPL-2.1-only ]",
      "locked_url": "https://github.com/flox/nixpkgs?rev=7a0f122f5090cf4c2ade2a13a0e229d4e19ba71f",
      "name": "bun-1.4.2",
      "pname": "bun",
      "rev": "7a0f122f5090cf4c2ade2a13a0e229d4e19ba71f",
      "rev_count": 1080855,
      "rev_date": "2026-09-28T06:58:16Z",
      "scrape_date": "2026-09-29T05:29:59.997093Z",
      "stabilities": [
        "unstable"
      ],
      "unfree": false,
      "version": "1.4.2",
      "outputs_to_install": [
        "out",
        "out"
      ],
      "outputs": {
        "out": "/nix/store/xjvj5vi8qrhdy5miayc2gzdbxd968vsx-bun-1.4.2"
      },
      "system": "aarch64-linux",
      "group": "toplevel",
      "priority": 5
    },
    {
      "attr_path": "bun",
      "broken": false,
      "derivation": "/nix/store/cya94x3y8b9p82v9qhgczff47nrsf0fc-bun-1.4.2.drv",
      "description": "Incredibly fast JavaScript runtime, bundler, transpiler and package manager – all in one",
      "install_id": "bun",
      "license": "[ MIT, LGPL-2.1-only ]",
      "locked_url": "https://github.com/flox/nixpkgs?rev=7a0f122f5090cf4c2ade2a13a0e229d4e19ba71f",
      "name": "bun-1.4.2",
      "pname": "bun",
      "rev": "7a0f122f5090cf4c2ade2a13a0e229d4e19ba71f",
      "rev_count": 1080855,
      "rev_date": "2026-09-28T06:58:16Z",
      "scrape_date": "2026-09-29T06:06:00.654272Z",
      "stabilities": [
        "unstable"
      ],
      "unfree": false,
      "version": "1.4.2",
      "outputs_to_install": [
        "out",
        "out"
      ],
      "outputs": {
        "out": "/nix/store/qkydg77xf2s395md9fq0a6djjpq7fzh4-bun-1.4.2"
      },
      "system": "x86_64-linux",
      "group": "toplevel",
      "priority": 5
    }
  ]
}
